
Microsoft Visual Studio Solution File, Format Version 12.00
# Visual Studio Version 17
VisualStudioVersion = 17.1.32319.34
MinimumVisualStudioVersion = 10.0.40219.1
Project("{FAE04EC0-301F-11D3-BF4B-00C04F79EFBC}") = "Task_01", "Task_01\Task_01.csproj", "{014E966D-0336-4207-99AA-A41CA4945690}"
EndProject
Global
	GlobalSection(SolutionConfigurationPlatforms) = preSolution
		Debug|Any CPU = Debug|Any CPU
		Release|Any CPU = Release|Any CPU
	EndGlobalSection
	GlobalSection(ProjectConfigurationPlatforms) = postSolution
		{014E966D-0336-4207-99AA-A41CA4945690}.Debug|Any CPU.ActiveCfg = Debug|Any CPU
		{014E966D-0336-4207-99AA-A41CA4945690}.Debug|Any CPU.Build.0 = Debug|Any CPU
		{014E966D-0336-4207-99AA-A41CA4945690}.Release|Any CPU.ActiveCfg = Release|Any CPU
		{014E966D-0336-4207-99AA-A41CA4945690}.Release|Any CPU.Build.0 = Release|Any CPU
	EndGlobalSection
	GlobalSection(SolutionProperties) = preSolution
		HideSolutionNode = FALSE
	EndGlobalSection
	GlobalSection(ExtensibilityGlobals) = postSolution
		SolutionGuid = {8E7DD7E3-84A0-4D6B-BE62-09E8687CF5DA}
	EndGlobalSection
EndGlobal
